
Microsoft Visual Studio Solution File, Format Version 12.00
# Visual Studio 15
VisualStudioVersion = 15.0.28307.489
MinimumVisualStudioVersion = 10.0.40219.1
Project("{9A19103F-16F7-4668-BE54-9A1E7A4F7556}") = "OrderService", "OrderService\OrderService.csproj", "{83E1CC5D-C7DD-4568-AAFF-0C4742386BB1}"
EndProject
Project("{9A19103F-16F7-4668-BE54-9A1E7A4F7556}") = "UserService", "UserService\UserService.csproj", "{03736FC9-8174-4FEB-994D-38FFCC3C599F}"
EndProject
Project("{9A19103F-16F7-4668-BE54-9A1E7A4F7556}") = "AggregatorService", "AggregatorService\AggregatorService.csproj", "{3199DD6B-8C36-46DB-A51B-EAB0A0C91E97}"
EndProject
Global
	GlobalSection(SolutionConfigurationPlatforms) = preSolution
		Debug|Any CPU = Debug|Any CPU
		Release|Any CPU = Release|Any CPU
	EndGlobalSection
	GlobalSection(ProjectConfigurationPlatforms) = postSolution
		{83E1CC5D-C7DD-4568-AAFF-0C4742386BB1}.Debug|Any CPU.ActiveCfg = Debug|Any CPU
		{83E1CC5D-C7DD-4568-AAFF-0C4742386BB1}.Debug|Any CPU.Build.0 = Debug|Any CPU
		{83E1CC5D-C7DD-4568-AAFF-0C4742386BB1}.Release|Any CPU.ActiveCfg = Release|Any CPU
		{83E1CC5D-C7DD-4568-AAFF-0C4742386BB1}.Release|Any CPU.Build.0 = Release|Any CPU
		{03736FC9-8174-4FEB-994D-38FFCC3C599F}.Debug|Any CPU.ActiveCfg = Debug|Any CPU
		{03736FC9-8174-4FEB-994D-38FFCC3C599F}.Debug|Any CPU.Build.0 = Debug|Any CPU
		{03736FC9-8174-4FEB-994D-38FFCC3C599F}.Release|Any CPU.ActiveCfg = Release|Any CPU
		{03736FC9-8174-4FEB-994D-38FFCC3C599F}.Release|Any CPU.Build.0 = Release|Any CPU
		{3199DD6B-8C36-46DB-A51B-EAB0A0C91E97}.Debug|Any CPU.ActiveCfg = Debug|Any CPU
		{3199DD6B-8C36-46DB-A51B-EAB0A0C91E97}.Debug|Any CPU.Build.0 = Debug|Any CPU
		{3199DD6B-8C36-46DB-A51B-EAB0A0C91E97}.Release|Any CPU.ActiveCfg = Release|Any CPU
		{3199DD6B-8C36-46DB-A51B-EAB0A0C91E97}.Release|Any CPU.Build.0 = Release|Any CPU
	EndGlobalSection
	GlobalSection(SolutionProperties) = preSolution
		HideSolutionNode = FALSE
	EndGlobalSection
	GlobalSection(ExtensibilityGlobals) = postSolution
		SolutionGuid = {98C6566F-CDFF-44CB-BFCF-239A655963F5}
	EndGlobalSection
EndGlobal
